// !$*UTF8*$!
{
	archiveVersion = 1;
	classes = {
	};
	objectVersion = 56;
	objects = {

/* Begin PBXBuildFile section */
		F604AFA02B0596C1001E1D1A /* 잘라서배열로저장.swift in Sources */ = {isa = PBXBuildFile; fileRef = F604AF9F2B0596C1001E1D1A /* 잘라서배열로저장.swift */; };
		F604AFA22B0599FB001E1D1A /* 정수를나선형배치.swift in Sources */ = {isa = PBXBuildFile; fileRef = F604AFA12B0599FB001E1D1A /* 정수를나선형배치.swift */; };
		F60533802AE5FBF500049709 /* buyCoffee.swift in Sources */ = {isa = PBXBuildFile; fileRef = F605337F2AE5FBF500049709 /* buyCoffee.swift */; };
		F60533822AE7406200049709 /* lastTwoElements.swift in Sources */ = {isa = PBXBuildFile; fileRef = F60533812AE7406200049709 /* lastTwoElements.swift */; };
		F605338D2AE89AA100049709 /* area2.swift in Sources */ = {isa = PBXBuildFile; fileRef = F605338C2AE89AA100049709 /* area2.swift */; };
		F62521952AEF369500348D55 /* 코드처리하기.swift in Sources */ = {isa = PBXBuildFile; fileRef = F62521942AEF369500348D55 /* 코드처리하기.swift */; };
		F633B7D02AD3DB4A00C68A28 /* throwBall.swift in Sources */ = {isa = PBXBuildFile; fileRef = F633B7CF2AD3DB4A00C68A28 /* throwBall.swift */; };
		F633B7D22AD3EBA300C68A28 /* curseNum3.swift in Sources */ = {isa = PBXBuildFile; fileRef = F633B7D12AD3EBA300C68A28 /* curseNum3.swift */; };
		F633B7D42AD3EE9800C68A28 /* rectangleArea.swift in Sources */ = {isa = PBXBuildFile; fileRef = F633B7D32AD3EE9800C68A28 /* rectangleArea.swift */; };
		F634E36C2AD522F100FB1E5F /* developFunction.swift in Sources */ = {isa = PBXBuildFile; fileRef = F634E36B2AD522F100FB1E5F /* developFunction.swift */; };
		F634E36E2AD5390900FB1E5F /* intTypes.swift in Sources */ = {isa = PBXBuildFile; fileRef = F634E36D2AD5390900FB1E5F /* intTypes.swift */; };
		F634E3712AD5AD8C00FB1E5F /* changeList.swift in Sources */ = {isa = PBXBuildFile; fileRef = F634E3702AD5AD8C00FB1E5F /* changeList.swift */; };
		F634E3732AD6372B00FB1E5F /* quardCompression.swift in Sources */ = {isa = PBXBuildFile; fileRef = F634E3722AD6372B00FB1E5F /* quardCompression.swift */; };
		F63AD1A72ABAE9F300481497 /* main.swift in Sources */ = {isa = PBXBuildFile; fileRef = F63AD1A62ABAE9F300481497 /* main.swift */; };
		F63B27D72ACBD8CB003742FF /* maxmin.swift in Sources */ = {isa = PBXBuildFile; fileRef = F63B27D62ACBD8CB003742FF /* maxmin.swift */; };
		F63B27D92ACBD96A003742FF /* number_partner.swift in Sources */ = {isa = PBXBuildFile; fileRef = F63B27D82ACBD96A003742FF /* number_partner.swift */; };
		F63B27DB2ACBD996003742FF /* controlZ.swift in Sources */ = {isa = PBXBuildFile; fileRef = F63B27DA2ACBD996003742FF /* controlZ.swift */; };
		F63B27DD2ACBD9CA003742FF /* cleanup.swift in Sources */ = {isa = PBXBuildFile; fileRef = F63B27DC2ACBD9CA003742FF /* cleanup.swift */; };
		F63B27DF2ACBD9E2003742FF /* alienDictionary.swift in Sources */ = {isa = PBXBuildFile; fileRef = F63B27DE2ACBD9E2003742FF /* alienDictionary.swift */; };
		F63B27E12ACBDA18003742FF /* BOJ_10809.swift in Sources */ = {isa = PBXBuildFile; fileRef = F63B27E02ACBDA18003742FF /* BOJ_10809.swift */; };
		F63B27E32ACBDAAE003742FF /* hashardNum.swift in Sources */ = {isa = PBXBuildFile; fileRef = F63B27E22ACBDAAE003742FF /* hashardNum.swift */; };
		F63B27E72ACBECF8003742FF /* divisor_sum.swift in Sources */ = {isa = PBXBuildFile; fileRef = F63B27E62ACBECF8003742FF /* divisor_sum.swift */; };
		F63B27E92ACCE7AF003742FF /* hallOfFame.swift in Sources */ = {isa = PBXBuildFile; fileRef = F63B27E82ACCE7AF003742FF /* hallOfFame.swift */; };
		F63B27EB2ACD2066003742FF /* babbling.swift in Sources */ = {isa = PBXBuildFile; fileRef = F63B27EA2ACD2066003742FF /* babbling.swift */; };
		F63B27ED2ACE5A20003742FF /* BOJ_1918.swift in Sources */ = {isa = PBXBuildFile; fileRef = F63B27EC2ACE5A20003742FF /* BOJ_1918.swift */; };
		F63B27EF2ACF0404003742FF /* compositNumber.swift in Sources */ = {isa = PBXBuildFile; fileRef = F63B27EE2ACF0404003742FF /* compositNumber.swift */; };
		F63B27F12ACFCD3E003742FF /* BOJ_1003.swift in Sources */ = {isa = PBXBuildFile; fileRef = F63B27F02ACFCD3E003742FF /* BOJ_1003.swift */; };
		F63B27F32ACFCEDA003742FF /* fivonachi.swift in Sources */ = {isa = PBXBuildFile; fileRef = F63B27F22ACFCEDA003742FF /* fivonachi.swift */; };
		F63B27F52ACFEDD0003742FF /* quickSort.swift in Sources */ = {isa = PBXBuildFile; fileRef = F63B27F42ACFEDD0003742FF /* quickSort.swift */; };
		F63FF2322B021F5B0017C8F3 /* 주사위게임3.swift in Sources */ = {isa = PBXBuildFile; fileRef = F63FF2312B021F5B0017C8F3 /* 주사위게임3.swift */; };
		F64099A52AD0DF6E002FA5DC /* nearSameLetter.swift in Sources */ = {isa = PBXBuildFile; fileRef = F64099A42AD0DF6E002FA5DC /* nearSameLetter.swift */; };
		F65502AB2AD78299005DE211 /* separate3word.swift in Sources */ = {isa = PBXBuildFile; fileRef = F65502AA2AD78299005DE211 /* separate3word.swift */; };
		F65502AD2AD825D0005DE211 /* process.swift in Sources */ = {isa = PBXBuildFile; fileRef = F65502AC2AD825D0005DE211 /* process.swift */; };
		F65502AF2AD841C5005DE211 /* listSumMultiply.swift in Sources */ = {isa = PBXBuildFile; fileRef = F65502AE2AD841C5005DE211 /* listSumMultiply.swift */; };
		F65502B12AD8D956005DE211 /* tuple.swift in Sources */ = {isa = PBXBuildFile; fileRef = F65502B02AD8D956005DE211 /* tuple.swift */; };
		F65502B32AD8E5F1005DE211 /* triangleSnail.swift in Sources */ = {isa = PBXBuildFile; fileRef = F65502B22AD8E5F1005DE211 /* triangleSnail.swift */; };
		F65502B92ADA7BC8005DE211 /* doublePriorityQueue.swift in Sources */ = {isa = PBXBuildFile; fileRef = F65502B82ADA7BC8005DE211 /* doublePriorityQueue.swift */; };
		F65502BB2ADB95A9005DE211 /* makeMinimum.swift in Sources */ = {isa = PBXBuildFile; fileRef = F65502BA2ADB95A9005DE211 /* makeMinimum.swift */; };
		F65502BD2ADBEF5E005DE211 /* arrayCut.swift in Sources */ = {isa = PBXBuildFile; fileRef = F65502BC2ADBEF5E005DE211 /* arrayCut.swift */; };
		F65502BF2ADC0ECB005DE211 /* nationalTestSelection.swift in Sources */ = {isa = PBXBuildFile; fileRef = F65502BE2ADC0ECB005DE211 /* nationalTestSelection.swift */; };
		F65502C12ADCB90E005DE211 /* fivePeople.swift in Sources */ = {isa = PBXBuildFile; fileRef = F65502C02ADCB90E005DE211 /* fivePeople.swift */; };
		F6570A0C2AF7DB9D004E0410 /* 리코쳇로봇.swift in Sources */ = {isa = PBXBuildFile; fileRef = F6570A0B2AF7DB9D004E0410 /* 리코쳇로봇.swift */; };
		F6570A0E2AF87642004E0410 /* 세로 읽기.swift in Sources */ = {isa = PBXBuildFile; fileRef = F6570A0D2AF87642004E0410 /* 세로 읽기.swift */; };
		F6570A102AF9BC3E004E0410 /* 문자열겹쳐쓰기.swift in Sources */ = {isa = PBXBuildFile; fileRef = F6570A0F2AF9BC3E004E0410 /* 문자열겹쳐쓰기.swift */; };
		F6570A122AF9C3E5004E0410 /* 최빈값.swift in Sources */ = {isa = PBXBuildFile; fileRef = F6570A112AF9C3E5004E0410 /* 최빈값.swift */; };
		F6570A142AFB0B93004E0410 /* 조건문자열.swift in Sources */ = {isa = PBXBuildFile; fileRef = F6570A132AFB0B93004E0410 /* 조건문자열.swift */; };
		F6570A1A2AFB143F004E0410 /* 다항식더하기.swift in Sources */ = {isa = PBXBuildFile; fileRef = F6570A192AFB143F004E0410 /* 다항식더하기.swift */; };
		F667B7172AE0B95B00F093E6 /* randomKNumber.swift in Sources */ = {isa = PBXBuildFile; fileRef = F667B7162AE0B95B00F093E6 /* randomKNumber.swift */; };
		F667B7192AE2016300F093E6 /* subStringToString.swift in Sources */ = {isa = PBXBuildFile; fileRef = F667B7182AE2016300F093E6 /* subStringToString.swift */; };
		F670F8A62ADE44AA006ECEC5 /* carpet.swift in Sources */ = {isa = PBXBuildFile; fileRef = F670F8A52ADE44AA006ECEC5 /* carpet.swift */; };
		F670F8D52ADF7CBB006ECEC5 /* leftright.swift in Sources */ = {isa = PBXBuildFile; fileRef = F670F8D42ADF7CBB006ECEC5 /* leftright.swift */; };
		F670F8D72ADFA096006ECEC5 /* sumOfHideNumber.swift in Sources */ = {isa = PBXBuildFile; fileRef = F670F8D62ADFA096006ECEC5 /* sumOfHideNumber.swift */; };
		F681074A2AFC6A820029E668 /* 문자열여러번뒤집기.swift in Sources */ = {isa = PBXBuildFile; fileRef = F68107492AFC6A820029E668 /* 문자열여러번뒤집기.swift */; };
		F68107502AFDE27C0029E668 /* 접미사배열.swift in Sources */ = {isa = PBXBuildFile; fileRef = F681074F2AFDE27C0029E668 /* 접미사배열.swift */; };
		F6835CE22AE9EB4600E99131 /* countUp.swift in Sources */ = {isa = PBXBuildFile; fileRef = F6835CE12AE9EB4600E99131 /* countUp.swift */; };
		F6A5ADD32AF1D61C00798DC2 /* 그림확대.swift in Sources */ = {isa = PBXBuildFile; fileRef = F6A5ADD22AF1D61C00798DC2 /* 그림확대.swift */; };
		F6A5ADEC2AF32CD100798DC2 /* 문자열 밀기.swift in Sources */ = {isa = PBXBuildFile; fileRef = F6A5ADEB2AF32CD100798DC2 /* 문자열 밀기.swift */; };
		F6A9377C2AFF25D2008B6C39 /* 특이한정렬.swift in Sources */ = {isa = PBXBuildFile; fileRef = F6A9377B2AFF25D2008B6C39 /* 특이한정렬.swift */; };
		F6B781BC2B0BB3400002BB05 /* 가까운1찾기.swift in Sources */ = {isa = PBXBuildFile; fileRef = F6B781BB2B0BB3400002BB05 /* 가까운1찾기.swift */; };
		F6C906B72AF516920027C91A /* 문자열뒤의n글자.swift in Sources */ = {isa = PBXBuildFile; fileRef = F6C906B62AF516920027C91A /* 문자열뒤의n글자.swift */; };
		F6D4CD342AF07F2800FBA1A5 /* 문자열섞기.swift in Sources */ = {isa = PBXBuildFile; fileRef = F6D4CD332AF07F2800FBA1A5 /* 문자열섞기.swift */; };
		F6D4CD362AF0857800FBA1A5 /* 배열만들기2.swift in Sources */ = {isa = PBXBuildFile; fileRef = F6D4CD352AF0857800FBA1A5 /* 배열만들기2.swift */; };
		F6DDFBBD2B044ACC00F435A8 /* 연속된수의합.swift in Sources */ = {isa = PBXBuildFile; fileRef = F6DDFBBC2B044ACC00F435A8 /* 연속된수의합.swift */; };
		F6DDFBC12B04590800F435A8 /* 안전지대.swift in Sources */ = {isa = PBXBuildFile; fileRef = F6DDFBC02B04590800F435A8 /* 안전지대.swift */; };
		F6E201712B0A679700DCC4A2 /* 접미사인지확인하기.swift in Sources */ = {isa = PBXBuildFile; fileRef = F6E201702B0A679700DCC4A2 /* 접미사인지확인하기.swift */; };
		F6E201732B0A6A8D00DCC4A2 /* 달리기경주.swift in Sources */ = {isa = PBXBuildFile; fileRef = F6E201722B0A6A8D00DCC4A2 /* 달리기경주.swift */; };
		F6EC68ED2AD28C0300A171BD /* minDivisorMaxMultiple.swift in Sources */ = {isa = PBXBuildFile; fileRef = F6EC68EC2AD28C0300A171BD /* minDivisorMaxMultiple.swift */; };
		F6F8FEC52B0311A900D792FF /* 다음에올숫자.swift in Sources */ = {isa = PBXBuildFile; fileRef = F6F8FEC42B0311A900D792FF /* 다음에올숫자.swift */; };
/* End PBXBuildFile section */

/* Begin PBXCopyFilesBuildPhase section */
		F63AD1A12ABAE9F300481497 /* CopyFiles */ = {
			isa = PBXCopyFilesBuildPhase;
			buildActionMask = 2147483647;
			dstPath = /usr/share/man/man1/;
			dstSubfolderSpec = 0;
			files = (
			);
			runOnlyForDeploymentPostprocessing = 1;
		};
/* End PBXCopyFilesBuildPhase section */

/* Begin PBXFileReference section */
		F604AF9F2B0596C1001E1D1A /* 잘라서배열로저장.swift */ = {isa = PBXFileReference; lastKnownFileType = sourcecode.swift; path = "잘라서배열로저장.swift"; sourceTree = "<group>"; };
		F604AFA12B0599FB001E1D1A /* 정수를나선형배치.swift */ = {isa = PBXFileReference; lastKnownFileType = sourcecode.swift; path = "정수를나선형배치.swift"; sourceTree = "<group>"; };
		F605337F2AE5FBF500049709 /* buyCoffee.swift */ = {isa = PBXFileReference; lastKnownFileType = sourcecode.swift; path = buyCoffee.swift; sourceTree = "<group>"; };
		F60533812AE7406200049709 /* lastTwoElements.swift */ = {isa = PBXFileReference; lastKnownFileType = sourcecode.swift; path = lastTwoElements.swift; sourceTree = "<group>"; };
		F605338C2AE89AA100049709 /* area2.swift */ = {isa = PBXFileReference; lastKnownFileType = sourcecode.swift; path = area2.swift; sourceTree = "<group>"; };
		F62521942AEF369500348D55 /* 코드처리하기.swift */ = {isa = PBXFileReference; lastKnownFileType = sourcecode.swift; path = "코드처리하기.swift"; sourceTree = "<group>"; };
		F633B7CF2AD3DB4A00C68A28 /* throwBall.swift */ = {isa = PBXFileReference; lastKnownFileType = sourcecode.swift; path = throwBall.swift; sourceTree = "<group>"; };
		F633B7D12AD3EBA300C68A28 /* curseNum3.swift */ = {isa = PBXFileReference; lastKnownFileType = sourcecode.swift; path = curseNum3.swift; sourceTree = "<group>"; };
		F633B7D32AD3EE9800C68A28 /* rectangleArea.swift */ = {isa = PBXFileReference; lastKnownFileType = sourcecode.swift; path = rectangleArea.swift; sourceTree = "<group>"; };
		F634E36B2AD522F100FB1E5F /* developFunction.swift */ = {isa = PBXFileReference; lastKnownFileType = sourcecode.swift; path = developFunction.swift; sourceTree = "<group>"; };
		F634E36D2AD5390900FB1E5F /* intTypes.swift */ = {isa = PBXFileReference; lastKnownFileType = sourcecode.swift; path = intTypes.swift; sourceTree = "<group>"; };
		F634E3702AD5AD8C00FB1E5F /* changeList.swift */ = {isa = PBXFileReference; lastKnownFileType = sourcecode.swift; path = changeList.swift; sourceTree = "<group>"; };
		F634E3722AD6372B00FB1E5F /* quardCompression.swift */ = {isa = PBXFileReference; lastKnownFileType = sourcecode.swift; path = quardCompression.swift; sourceTree = "<group>"; };
		F63AD1A32ABAE9F300481497 /* Algorithm */ = {isa = PBXFileReference; explicitFileType = "compiled.mach-o.executable"; includeInIndex = 0; path = Algorithm; sourceTree = BUILT_PRODUCTS_DIR; };
		F63AD1A62ABAE9F300481497 /* main.swift */ = {isa = PBXFileReference; lastKnownFileType = sourcecode.swift; path = main.swift; sourceTree = "<group>"; };
		F63B27D62ACBD8CB003742FF /* maxmin.swift */ = {isa = PBXFileReference; lastKnownFileType = sourcecode.swift; path = maxmin.swift; sourceTree = "<group>"; };
		F63B27D82ACBD96A003742FF /* number_partner.swift */ = {isa = PBXFileReference; lastKnownFileType = sourcecode.swift; path = number_partner.swift; sourceTree = "<group>"; };
		F63B27DA2ACBD996003742FF /* controlZ.swift */ = {isa = PBXFileReference; lastKnownFileType = sourcecode.swift; path = controlZ.swift; sourceTree = "<group>"; };
		F63B27DC2ACBD9CA003742FF /* cleanup.swift */ = {isa = PBXFileReference; lastKnownFileType = sourcecode.swift; path = cleanup.swift; sourceTree = "<group>"; };
		F63B27DE2ACBD9E2003742FF /* alienDictionary.swift */ = {isa = PBXFileReference; lastKnownFileType = sourcecode.swift; path = alienDictionary.swift; sourceTree = "<group>"; };
		F63B27E02ACBDA18003742FF /* BOJ_10809.swift */ = {isa = PBXFileReference; lastKnownFileType = sourcecode.swift; path = BOJ_10809.swift; sourceTree = "<group>"; };
		F63B27E22ACBDAAE003742FF /* hashardNum.swift */ = {isa = PBXFileReference; lastKnownFileType = sourcecode.swift; path = hashardNum.swift; sourceTree = "<group>"; };
		F63B27E62ACBECF8003742FF /* divisor_sum.swift */ = {isa = PBXFileReference; lastKnownFileType = sourcecode.swift; path = divisor_sum.swift; sourceTree = "<group>"; };
		F63B27E82ACCE7AF003742FF /* hallOfFame.swift */ = {isa = PBXFileReference; lastKnownFileType = sourcecode.swift; path = hallOfFame.swift; sourceTree = "<group>"; };
		F63B27EA2ACD2066003742FF /* babbling.swift */ = {isa = PBXFileReference; lastKnownFileType = sourcecode.swift; path = babbling.swift; sourceTree = "<group>"; };
		F63B27EC2ACE5A20003742FF /* BOJ_1918.swift */ = {isa = PBXFileReference; lastKnownFileType = sourcecode.swift; path = BOJ_1918.swift; sourceTree = "<group>"; };
		F63B27EE2ACF0404003742FF /* compositNumber.swift */ = {isa = PBXFileReference; lastKnownFileType = sourcecode.swift; path = compositNumber.swift; sourceTree = "<group>"; };
		F63B27F02ACFCD3E003742FF /* BOJ_1003.swift */ = {isa = PBXFileReference; lastKnownFileType = sourcecode.swift; path = BOJ_1003.swift; sourceTree = "<group>"; };
		F63B27F22ACFCEDA003742FF /* fivonachi.swift */ = {isa = PBXFileReference; lastKnownFileType = sourcecode.swift; path = fivonachi.swift; sourceTree = "<group>"; };
		F63B27F42ACFEDD0003742FF /* quickSort.swift */ = {isa = PBXFileReference; lastKnownFileType = sourcecode.swift; path = quickSort.swift; sourceTree = "<group>"; };
		F63FF2312B021F5B0017C8F3 /* 주사위게임3.swift */ = {isa = PBXFileReference; lastKnownFileType = sourcecode.swift; path = "주사위게임3.swift"; sourceTree = "<group>"; };
		F64099A42AD0DF6E002FA5DC /* nearSameLetter.swift */ = {isa = PBXFileReference; lastKnownFileType = sourcecode.swift; path = nearSameLetter.swift; sourceTree = "<group>"; };
		F65502AA2AD78299005DE211 /* separate3word.swift */ = {isa = PBXFileReference; lastKnownFileType = sourcecode.swift; path = separate3word.swift; sourceTree = "<group>"; };
		F65502AC2AD825D0005DE211 /* process.swift */ = {isa = PBXFileReference; lastKnownFileType = sourcecode.swift; path = process.swift; sourceTree = "<group>"; };
		F65502AE2AD841C5005DE211 /* listSumMultiply.swift */ = {isa = PBXFileReference; lastKnownFileType = sourcecode.swift; path = listSumMultiply.swift; sourceTree = "<group>"; };
		F65502B02AD8D956005DE211 /* tuple.swift */ = {isa = PBXFileReference; lastKnownFileType = sourcecode.swift; path = tuple.swift; sourceTree = "<group>"; };
		F65502B22AD8E5F1005DE211 /* triangleSnail.swift */ = {isa = PBXFileReference; lastKnownFileType = sourcecode.swift; path = triangleSnail.swift; sourceTree = "<group>"; };
		F65502B82ADA7BC8005DE211 /* doublePriorityQueue.swift */ = {isa = PBXFileReference; lastKnownFileType = sourcecode.swift; path = doublePriorityQueue.swift; sourceTree = "<group>"; };
		F65502BA2ADB95A9005DE211 /* makeMinimum.swift */ = {isa = PBXFileReference; lastKnownFileType = sourcecode.swift; path = makeMinimum.swift; sourceTree = "<group>"; };
		F65502BC2ADBEF5E005DE211 /* arrayCut.swift */ = {isa = PBXFileReference; lastKnownFileType = sourcecode.swift; path = arrayCut.swift; sourceTree = "<group>"; };
		F65502BE2ADC0ECB005DE211 /* nationalTestSelection.swift */ = {isa = PBXFileReference; lastKnownFileType = sourcecode.swift; path = nationalTestSelection.swift; sourceTree = "<group>"; };
		F65502C02ADCB90E005DE211 /* fivePeople.swift */ = {isa = PBXFileReference; lastKnownFileType = sourcecode.swift; path = fivePeople.swift; sourceTree = "<group>"; };
		F6570A0B2AF7DB9D004E0410 /* 리코쳇로봇.swift */ = {isa = PBXFileReference; lastKnownFileType = sourcecode.swift; path = "리코쳇로봇.swift"; sourceTree = "<group>"; };
		F6570A0D2AF87642004E0410 /* 세로 읽기.swift */ = {isa = PBXFileReference; lastKnownFileType = sourcecode.swift; path = "세로 읽기.swift"; sourceTree = "<group>"; };
		F6570A0F2AF9BC3E004E0410 /* 문자열겹쳐쓰기.swift */ = {isa = PBXFileReference; lastKnownFileType = sourcecode.swift; path = "문자열겹쳐쓰기.swift"; sourceTree = "<group>"; };
		F6570A112AF9C3E5004E0410 /* 최빈값.swift */ = {isa = PBXFileReference; lastKnownFileType = sourcecode.swift; path = "최빈값.swift"; sourceTree = "<group>"; };
		F6570A132AFB0B93004E0410 /* 조건문자열.swift */ = {isa = PBXFileReference; lastKnownFileType = sourcecode.swift; path = "조건문자열.swift"; sourceTree = "<group>"; };
		F6570A192AFB143F004E0410 /* 다항식더하기.swift */ = {isa = PBXFileReference; lastKnownFileType = sourcecode.swift; path = "다항식더하기.swift"; sourceTree = "<group>"; };
		F667B7162AE0B95B00F093E6 /* randomKNumber.swift */ = {isa = PBXFileReference; lastKnownFileType = sourcecode.swift; path = randomKNumber.swift; sourceTree = "<group>"; };
		F667B7182AE2016300F093E6 /* subStringToString.swift */ = {isa = PBXFileReference; lastKnownFileType = sourcecode.swift; path = subStringToString.swift; sourceTree = "<group>"; };
		F670F8A52ADE44AA006ECEC5 /* carpet.swift */ = {isa = PBXFileReference; lastKnownFileType = sourcecode.swift; path = carpet.swift; sourceTree = "<group>"; };
		F670F8D42ADF7CBB006ECEC5 /* leftright.swift */ = {isa = PBXFileReference; lastKnownFileType = sourcecode.swift; path = leftright.swift; sourceTree = "<group>"; };
		F670F8D62ADFA096006ECEC5 /* sumOfHideNumber.swift */ = {isa = PBXFileReference; lastKnownFileType = sourcecode.swift; path = sumOfHideNumber.swift; sourceTree = "<group>"; };
		F68107492AFC6A820029E668 /* 문자열여러번뒤집기.swift */ = {isa = PBXFileReference; lastKnownFileType = sourcecode.swift; path = "문자열여러번뒤집기.swift"; sourceTree = "<group>"; };
		F681074F2AFDE27C0029E668 /* 접미사배열.swift */ = {isa = PBXFileReference; lastKnownFileType = sourcecode.swift; path = "접미사배열.swift"; sourceTree = "<group>"; };
		F6835CE12AE9EB4600E99131 /* countUp.swift */ = {isa = PBXFileReference; lastKnownFileType = sourcecode.swift; path = countUp.swift; sourceTree = "<group>"; };
		F6A5ADD22AF1D61C00798DC2 /* 그림확대.swift */ = {isa = PBXFileReference; lastKnownFileType = sourcecode.swift; path = "그림확대.swift"; sourceTree = "<group>"; };
		F6A5ADEB2AF32CD100798DC2 /* 문자열 밀기.swift */ = {isa = PBXFileReference; lastKnownFileType = sourcecode.swift; path = "문자열 밀기.swift"; sourceTree = "<group>"; };
		F6A9377B2AFF25D2008B6C39 /* 특이한정렬.swift */ = {isa = PBXFileReference; lastKnownFileType = sourcecode.swift; path = "특이한정렬.swift"; sourceTree = "<group>"; };
		F6B781BB2B0BB3400002BB05 /* 가까운1찾기.swift */ = {isa = PBXFileReference; lastKnownFileType = sourcecode.swift; path = "가까운1찾기.swift"; sourceTree = "<group>"; };
		F6C906B62AF516920027C91A /* 문자열뒤의n글자.swift */ = {isa = PBXFileReference; lastKnownFileType = sourcecode.swift; path = "문자열뒤의n글자.swift"; sourceTree = "<group>"; };
		F6D4CD332AF07F2800FBA1A5 /* 문자열섞기.swift */ = {isa = PBXFileReference; lastKnownFileType = sourcecode.swift; path = "문자열섞기.swift"; sourceTree = "<group>"; };
		F6D4CD352AF0857800FBA1A5 /* 배열만들기2.swift */ = {isa = PBXFileReference; lastKnownFileType = sourcecode.swift; path = "배열만들기2.swift"; sourceTree = "<group>"; };
		F6DDFBBC2B044ACC00F435A8 /* 연속된수의합.swift */ = {isa = PBXFileReference; lastKnownFileType = sourcecode.swift; path = "연속된수의합.swift"; sourceTree = "<group>"; };
		F6DDFBC02B04590800F435A8 /* 안전지대.swift */ = {isa = PBXFileReference; lastKnownFileType = sourcecode.swift; path = "안전지대.swift"; sourceTree = "<group>"; };
		F6E201702B0A679700DCC4A2 /* 접미사인지확인하기.swift */ = {isa = PBXFileReference; lastKnownFileType = sourcecode.swift; path = "접미사인지확인하기.swift"; sourceTree = "<group>"; };
		F6E201722B0A6A8D00DCC4A2 /* 달리기경주.swift */ = {isa = PBXFileReference; lastKnownFileType = sourcecode.swift; path = "달리기경주.swift"; sourceTree = "<group>"; };
		F6EC68EC2AD28C0300A171BD /* minDivisorMaxMultiple.swift */ = {isa = PBXFileReference; lastKnownFileType = sourcecode.swift; path = minDivisorMaxMultiple.swift; sourceTree = "<group>"; };
		F6F8FEC42B0311A900D792FF /* 다음에올숫자.swift */ = {isa = PBXFileReference; lastKnownFileType = sourcecode.swift; path = "다음에올숫자.swift"; sourceTree = "<group>"; };
/* End PBXFileReference section */

/* Begin PBXFrameworksBuildPhase section */
		F63AD1A02ABAE9F300481497 /* Frameworks */ = {
			isa = PBXFrameworksBuildPhase;
			buildActionMask = 2147483647;
			files = (
			);
			runOnlyForDeploymentPostprocessing = 0;
		};
/* End PBXFrameworksBuildPhase section */

/* Begin PBXGroup section */
		F63AD19A2ABAE9F300481497 = {
			isa = PBXGroup;
			children = (
				F63AD1A52ABAE9F300481497 /* Algorithm */,
				F63AD1A42ABAE9F300481497 /* Products */,
			);
			sourceTree = "<group>";
		};
		F63AD1A42ABAE9F300481497 /* Products */ = {
			isa = PBXGroup;
			children = (
				F63AD1A32ABAE9F300481497 /* Algorithm */,
			);
			name = Products;
			sourceTree = "<group>";
		};
		F63AD1A52ABAE9F300481497 /* Algorithm */ = {
			isa = PBXGroup;
			children = (
				F63B27D52ACBD896003742FF /* Problems */,
				F63AD1A62ABAE9F300481497 /* main.swift */,
			);
			path = Algorithm;
			sourceTree = "<group>";
		};
		F63B27D52ACBD896003742FF /* Problems */ = {
			isa = PBXGroup;
			children = (
				F63B27D62ACBD8CB003742FF /* maxmin.swift */,
				F63B27D82ACBD96A003742FF /* number_partner.swift */,
				F63B27DA2ACBD996003742FF /* controlZ.swift */,
				F63B27DC2ACBD9CA003742FF /* cleanup.swift */,
				F63B27DE2ACBD9E2003742FF /* alienDictionary.swift */,
				F63B27E02ACBDA18003742FF /* BOJ_10809.swift */,
				F63B27E22ACBDAAE003742FF /* hashardNum.swift */,
				F6570A112AF9C3E5004E0410 /* 최빈값.swift */,
				F6570A132AFB0B93004E0410 /* 조건문자열.swift */,
				F6570A192AFB143F004E0410 /* 다항식더하기.swift */,
				F6570A0F2AF9BC3E004E0410 /* 문자열겹쳐쓰기.swift */,
				F63B27E62ACBECF8003742FF /* divisor_sum.swift */,
				F63B27E82ACCE7AF003742FF /* hallOfFame.swift */,
				F63B27EA2ACD2066003742FF /* babbling.swift */,
				F63B27EC2ACE5A20003742FF /* BOJ_1918.swift */,
				F63B27EE2ACF0404003742FF /* compositNumber.swift */,
				F63B27F02ACFCD3E003742FF /* BOJ_1003.swift */,
				F63B27F22ACFCEDA003742FF /* fivonachi.swift */,
				F63B27F42ACFEDD0003742FF /* quickSort.swift */,
				F64099A42AD0DF6E002FA5DC /* nearSameLetter.swift */,
				F6EC68EC2AD28C0300A171BD /* minDivisorMaxMultiple.swift */,
				F633B7CF2AD3DB4A00C68A28 /* throwBall.swift */,
				F633B7D12AD3EBA300C68A28 /* curseNum3.swift */,
				F633B7D32AD3EE9800C68A28 /* rectangleArea.swift */,
				F634E36B2AD522F100FB1E5F /* developFunction.swift */,
				F634E36D2AD5390900FB1E5F /* intTypes.swift */,
				F634E3702AD5AD8C00FB1E5F /* changeList.swift */,
				F634E3722AD6372B00FB1E5F /* quardCompression.swift */,
				F65502AA2AD78299005DE211 /* separate3word.swift */,
				F65502AC2AD825D0005DE211 /* process.swift */,
				F65502AE2AD841C5005DE211 /* listSumMultiply.swift */,
				F65502B02AD8D956005DE211 /* tuple.swift */,
				F65502B22AD8E5F1005DE211 /* triangleSnail.swift */,
				F65502B82ADA7BC8005DE211 /* doublePriorityQueue.swift */,
				F65502BA2ADB95A9005DE211 /* makeMinimum.swift */,
				F65502BC2ADBEF5E005DE211 /* arrayCut.swift */,
				F65502BE2ADC0ECB005DE211 /* nationalTestSelection.swift */,
				F65502C02ADCB90E005DE211 /* fivePeople.swift */,
				F670F8A52ADE44AA006ECEC5 /* carpet.swift */,
				F670F8D42ADF7CBB006ECEC5 /* leftright.swift */,
				F670F8D62ADFA096006ECEC5 /* sumOfHideNumber.swift */,
				F667B7162AE0B95B00F093E6 /* randomKNumber.swift */,
				F667B7182AE2016300F093E6 /* subStringToString.swift */,
				F605337F2AE5FBF500049709 /* buyCoffee.swift */,
				F60533812AE7406200049709 /* lastTwoElements.swift */,
				F605338C2AE89AA100049709 /* area2.swift */,
				F6DDFBBC2B044ACC00F435A8 /* 연속된수의합.swift */,
				F6DDFBC02B04590800F435A8 /* 안전지대.swift */,
				F604AF9F2B0596C1001E1D1A /* 잘라서배열로저장.swift */,
				F604AFA12B0599FB001E1D1A /* 정수를나선형배치.swift */,
				F6E201702B0A679700DCC4A2 /* 접미사인지확인하기.swift */,
				F6E201722B0A6A8D00DCC4A2 /* 달리기경주.swift */,
				F6B781BB2B0BB3400002BB05 /* 가까운1찾기.swift */,
				F6835CE12AE9EB4600E99131 /* countUp.swift */,
				F68107492AFC6A820029E668 /* 문자열여러번뒤집기.swift */,
				F681074F2AFDE27C0029E668 /* 접미사배열.swift */,
				F6A9377B2AFF25D2008B6C39 /* 특이한정렬.swift */,
				F63FF2312B021F5B0017C8F3 /* 주사위게임3.swift */,
				F6F8FEC42B0311A900D792FF /* 다음에올숫자.swift */,
				F6A5ADEB2AF32CD100798DC2 /* 문자열 밀기.swift */,
				F6D4CD352AF0857800FBA1A5 /* 배열만들기2.swift */,
				F6C906B62AF516920027C91A /* 문자열뒤의n글자.swift */,
				F6570A0B2AF7DB9D004E0410 /* 리코쳇로봇.swift */,
				F6570A0D2AF87642004E0410 /* 세로 읽기.swift */,
				F6A5ADD22AF1D61C00798DC2 /* 그림확대.swift */,
				F62521942AEF369500348D55 /* 코드처리하기.swift */,
				F6D4CD332AF07F2800FBA1A5 /* 문자열섞기.swift */,
			);
			path = Problems;
			sourceTree = "<group>";
		};
/* End PBXGroup section */

/* Begin PBXNativeTarget section */
		F63AD1A22ABAE9F300481497 /* Algorithm */ = {
			isa = PBXNativeTarget;
			buildConfigurationList = F63AD1AA2ABAE9F300481497 /* Build configuration list for PBXNativeTarget "Algorithm" */;
			buildPhases = (
				F63AD19F2ABAE9F300481497 /* Sources */,
				F63AD1A02ABAE9F300481497 /* Frameworks */,
				F63AD1A12ABAE9F300481497 /* CopyFiles */,
			);
			buildRules = (
			);
			dependencies = (
			);
			name = Algorithm;
			productName = Algorithm;
			productReference = F63AD1A32ABAE9F300481497 /* Algorithm */;
			productType = "com.apple.product-type.tool";
		};
/* End PBXNativeTarget section */

/* Begin PBXProject section */
		F63AD19B2ABAE9F300481497 /* Project object */ = {
			isa = PBXProject;
			attributes = {
				BuildIndependentTargetsInParallel = 1;
				LastSwiftUpdateCheck = 1430;
				LastUpgradeCheck = 1430;
				TargetAttributes = {
					F63AD1A22ABAE9F300481497 = {
						CreatedOnToolsVersion = 14.3.1;
					};
				};
			};
			buildConfigurationList = F63AD19E2ABAE9F300481497 /* Build configuration list for PBXProject "Algorithm" */;
			compatibilityVersion = "Xcode 14.0";
			developmentRegion = en;
			hasScannedForEncodings = 0;
			knownRegions = (
				en,
				Base,
			);
			mainGroup = F63AD19A2ABAE9F300481497;
			productRefGroup = F63AD1A42ABAE9F300481497 /* Products */;
			projectDirPath = "";
			projectRoot = "";
			targets = (
				F63AD1A22ABAE9F300481497 /* Algorithm */,
			);
		};
/* End PBXProject section */

/* Begin PBXSourcesBuildPhase section */
		F63AD19F2ABAE9F300481497 /* Sources */ = {
			isa = PBXSourcesBuildPhase;
			buildActionMask = 2147483647;
			files = (
				F604AFA22B0599FB001E1D1A /* 정수를나선형배치.swift in Sources */,
				F63B27E72ACBECF8003742FF /* divisor_sum.swift in Sources */,
				F6F8FEC52B0311A900D792FF /* 다음에올숫자.swift in Sources */,
				F633B7D02AD3DB4A00C68A28 /* throwBall.swift in Sources */,
				F63B27F32ACFCEDA003742FF /* fivonachi.swift in Sources */,
				F63B27DB2ACBD996003742FF /* controlZ.swift in Sources */,
				F63B27DF2ACBD9E2003742FF /* alienDictionary.swift in Sources */,
				F68107502AFDE27C0029E668 /* 접미사배열.swift in Sources */,
				F65502B92ADA7BC8005DE211 /* doublePriorityQueue.swift in Sources */,
				F6D4CD342AF07F2800FBA1A5 /* 문자열섞기.swift in Sources */,
				F63B27E12ACBDA18003742FF /* BOJ_10809.swift in Sources */,
				F63B27EF2ACF0404003742FF /* compositNumber.swift in Sources */,
				F670F8A62ADE44AA006ECEC5 /* carpet.swift in Sources */,
				F667B7192AE2016300F093E6 /* subStringToString.swift in Sources */,
				F6DDFBC12B04590800F435A8 /* 안전지대.swift in Sources */,
				F6A5ADEC2AF32CD100798DC2 /* 문자열 밀기.swift in Sources */,
				F65502BB2ADB95A9005DE211 /* makeMinimum.swift in Sources */,
				F65502AD2AD825D0005DE211 /* process.swift in Sources */,
				F65502BD2ADBEF5E005DE211 /* arrayCut.swift in Sources */,
				F65502B32AD8E5F1005DE211 /* triangleSnail.swift in Sources */,
				F63AD1A72ABAE9F300481497 /* main.swift in Sources */,
				F6570A102AF9BC3E004E0410 /* 문자열겹쳐쓰기.swift in Sources */,
				F681074A2AFC6A820029E668 /* 문자열여러번뒤집기.swift in Sources */,
				F6B781BC2B0BB3400002BB05 /* 가까운1찾기.swift in Sources */,
				F63B27D92ACBD96A003742FF /* number_partner.swift in Sources */,
				F634E36E2AD5390900FB1E5F /* intTypes.swift in Sources */,
				F633B7D42AD3EE9800C68A28 /* rectangleArea.swift in Sources */,
				F60533822AE7406200049709 /* lastTwoElements.swift in Sources */,
				F6570A1A2AFB143F004E0410 /* 다항식더하기.swift in Sources */,
				F65502BF2ADC0ECB005DE211 /* nationalTestSelection.swift in Sources */,
				F63B27F12ACFCD3E003742FF /* BOJ_1003.swift in Sources */,
				F634E3732AD6372B00FB1E5F /* quardCompression.swift in Sources */,
				F6A5ADD32AF1D61C00798DC2 /* 그림확대.swift in Sources */,
				F6EC68ED2AD28C0300A171BD /* minDivisorMaxMultiple.swift in Sources */,
				F634E3712AD5AD8C00FB1E5F /* changeList.swift in Sources */,
				F633B7D22AD3EBA300C68A28 /* curseNum3.swift in Sources */,
				F605338D2AE89AA100049709 /* area2.swift in Sources */,
				F6570A0C2AF7DB9D004E0410 /* 리코쳇로봇.swift in Sources */,
				F64099A52AD0DF6E002FA5DC /* nearSameLetter.swift in Sources */,
				F63B27E32ACBDAAE003742FF /* hashardNum.swift in Sources */,
				F6A9377C2AFF25D2008B6C39 /* 특이한정렬.swift in Sources */,
				F60533802AE5FBF500049709 /* buyCoffee.swift in Sources */,
				F6835CE22AE9EB4600E99131 /* countUp.swift in Sources */,
				F63B27EB2ACD2066003742FF /* babbling.swift in Sources */,
				F63B27D72ACBD8CB003742FF /* maxmin.swift in Sources */,
				F6E201732B0A6A8D00DCC4A2 /* 달리기경주.swift in Sources */,
				F667B7172AE0B95B00F093E6 /* randomKNumber.swift in Sources */,
				F63B27F52ACFEDD0003742FF /* quickSort.swift in Sources */,
				F6C906B72AF516920027C91A /* 문자열뒤의n글자.swift in Sources */,
				F63B27ED2ACE5A20003742FF /* BOJ_1918.swift in Sources */,
				F65502AB2AD78299005DE211 /* separate3word.swift in Sources */,
				F6DDFBBD2B044ACC00F435A8 /* 연속된수의합.swift in Sources */,
				F670F8D52ADF7CBB006ECEC5 /* leftright.swift in Sources */,
				F6D4CD362AF0857800FBA1A5 /* 배열만들기2.swift in Sources */,
				F6570A122AF9C3E5004E0410 /* 최빈값.swift in Sources */,
				F63FF2322B021F5B0017C8F3 /* 주사위게임3.swift in Sources */,
				F62521952AEF369500348D55 /* 코드처리하기.swift in Sources */,
				F604AFA02B0596C1001E1D1A /* 잘라서배열로저장.swift in Sources */,
				F65502C12ADCB90E005DE211 /* fivePeople.swift in Sources */,
				F6570A0E2AF87642004E0410 /* 세로 읽기.swift in Sources */,
				F6570A142AFB0B93004E0410 /* 조건문자열.swift in Sources */,
				F63B27DD2ACBD9CA003742FF /* cleanup.swift in Sources */,
				F6E201712B0A679700DCC4A2 /* 접미사인지확인하기.swift in Sources */,
				F634E36C2AD522F100FB1E5F /* developFunction.swift in Sources */,
				F63B27E92ACCE7AF003742FF /* hallOfFame.swift in Sources */,
				F65502B12AD8D956005DE211 /* tuple.swift in Sources */,
				F670F8D72ADFA096006ECEC5 /* sumOfHideNumber.swift in Sources */,
				F65502AF2AD841C5005DE211 /* listSumMultiply.swift in Sources */,
			);
			runOnlyForDeploymentPostprocessing = 0;
		};
/* End PBXSourcesBuildPhase section */

/* Begin XCBuildConfiguration section */
		F63AD1A82ABAE9F300481497 /* Debug */ = {
			isa = XCBuildConfiguration;
			buildSettings = {
				ALWAYS_SEARCH_USER_PATHS = NO;
				CLANG_ANALYZER_NONNULL = YES;
				CLANG_ANALYZER_NUMBER_OBJECT_CONVERSION = YES_AGGRESSIVE;
				CLANG_CXX_LANGUAGE_STANDARD = "gnu++20";
				CLANG_ENABLE_MODULES = YES;
				CLANG_ENABLE_OBJC_ARC = YES;
				CLANG_ENABLE_OBJC_WEAK = YES;
				CLANG_WARN_BLOCK_CAPTURE_AUTORELEASING = YES;
				CLANG_WARN_BOOL_CONVERSION = YES;
				CLANG_WARN_COMMA = YES;
				CLANG_WARN_CONSTANT_CONVERSION = YES;
				CLANG_WARN_DEPRECATED_OBJC_IMPLEMENTATIONS = YES;
				CLANG_WARN_DIRECT_OBJC_ISA_USAGE = YES_ERROR;
				CLANG_WARN_DOCUMENTATION_COMMENTS = YES;
				CLANG_WARN_EMPTY_BODY = YES;
				CLANG_WARN_ENUM_CONVERSION = YES;
				CLANG_WARN_INFINITE_RECURSION = YES;
				CLANG_WARN_INT_CONVERSION = YES;
				CLANG_WARN_NON_LITERAL_NULL_CONVERSION = YES;
				CLANG_WARN_OBJC_IMPLICIT_RETAIN_SELF = YES;
				CLANG_WARN_OBJC_LITERAL_CONVERSION = YES;
				CLANG_WARN_OBJC_ROOT_CLASS = YES_ERROR;
				CLANG_WARN_QUOTED_INCLUDE_IN_FRAMEWORK_HEADER = YES;
				CLANG_WARN_RANGE_LOOP_ANALYSIS = YES;
				CLANG_WARN_STRICT_PROTOTYPES = YES;
				CLANG_WARN_SUSPICIOUS_MOVE = YES;
				CLANG_WARN_UNGUARDED_AVAILABILITY = YES_AGGRESSIVE;
				CLANG_WARN_UNREACHABLE_CODE = YES;
				CLANG_WARN__DUPLICATE_METHOD_MATCH = YES;
				COPY_PHASE_STRIP = NO;
				DEBUG_INFORMATION_FORMAT = dwarf;
				ENABLE_STRICT_OBJC_MSGSEND = YES;
				ENABLE_TESTABILITY = YES;
				GCC_C_LANGUAGE_STANDARD = gnu11;
				GCC_DYNAMIC_NO_PIC = NO;
				GCC_NO_COMMON_BLOCKS = YES;
				GCC_OPTIMIZATION_LEVEL = 0;
				GCC_PREPROCESSOR_DEFINITIONS = (
					"DEBUG=1",
					"$(inherited)",
				);
				GCC_WARN_64_TO_32_BIT_CONVERSION = YES;
				GCC_WARN_ABOUT_RETURN_TYPE = YES_ERROR;
				GCC_WARN_UNDECLARED_SELECTOR = YES;
				GCC_WARN_UNINITIALIZED_AUTOS = YES_AGGRESSIVE;
				GCC_WARN_UNUSED_FUNCTION = YES;
				GCC_WARN_UNUSED_VARIABLE = YES;
				MACOSX_DEPLOYMENT_TARGET = 13.3;
				MTL_ENABLE_DEBUG_INFO = INCLUDE_SOURCE;
				MTL_FAST_MATH = YES;
				ONLY_ACTIVE_ARCH = YES;
				SDKROOT = macosx;
				SWIFT_ACTIVE_COMPILATION_CONDITIONS = DEBUG;
				SWIFT_OPTIMIZATION_LEVEL = "-Onone";
			};
			name = Debug;
		};
		F63AD1A92ABAE9F300481497 /* Release */ = {
			isa = XCBuildConfiguration;
			buildSettings = {
				ALWAYS_SEARCH_USER_PATHS = NO;
				CLANG_ANALYZER_NONNULL = YES;
				CLANG_ANALYZER_NUMBER_OBJECT_CONVERSION = YES_AGGRESSIVE;
				CLANG_CXX_LANGUAGE_STANDARD = "gnu++20";
				CLANG_ENABLE_MODULES = YES;
				CLANG_ENABLE_OBJC_ARC = YES;
				CLANG_ENABLE_OBJC_WEAK = YES;
				CLANG_WARN_BLOCK_CAPTURE_AUTORELEASING = YES;
				CLANG_WARN_BOOL_CONVERSION = YES;
				CLANG_WARN_COMMA = YES;
				CLANG_WARN_CONSTANT_CONVERSION = YES;
				CLANG_WARN_DEPRECATED_OBJC_IMPLEMENTATIONS = YES;
				CLANG_WARN_DIRECT_OBJC_ISA_USAGE = YES_ERROR;
				CLANG_WARN_DOCUMENTATION_COMMENTS = YES;
				CLANG_WARN_EMPTY_BODY = YES;
				CLANG_WARN_ENUM_CONVERSION = YES;
				CLANG_WARN_INFINITE_RECURSION = YES;
				CLANG_WARN_INT_CONVERSION = YES;
				CLANG_WARN_NON_LITERAL_NULL_CONVERSION = YES;
				CLANG_WARN_OBJC_IMPLICIT_RETAIN_SELF = YES;
				CLANG_WARN_OBJC_LITERAL_CONVERSION = YES;
				CLANG_WARN_OBJC_ROOT_CLASS = YES_ERROR;
				CLANG_WARN_QUOTED_INCLUDE_IN_FRAMEWORK_HEADER = YES;
				CLANG_WARN_RANGE_LOOP_ANALYSIS = YES;
				CLANG_WARN_STRICT_PROTOTYPES = YES;
				CLANG_WARN_SUSPICIOUS_MOVE = YES;
				CLANG_WARN_UNGUARDED_AVAILABILITY = YES_AGGRESSIVE;
				CLANG_WARN_UNREACHABLE_CODE = YES;
				CLANG_WARN__DUPLICATE_METHOD_MATCH = YES;
				COPY_PHASE_STRIP = NO;
				DEBUG_INFORMATION_FORMAT = "dwarf-with-dsym";
				ENABLE_NS_ASSERTIONS = NO;
				ENABLE_STRICT_OBJC_MSGSEND = YES;
				GCC_C_LANGUAGE_STANDARD = gnu11;
				GCC_NO_COMMON_BLOCKS = YES;
				GCC_WARN_64_TO_32_BIT_CONVERSION = YES;
				GCC_WARN_ABOUT_RETURN_TYPE = YES_ERROR;
				GCC_WARN_UNDECLARED_SELECTOR = YES;
				GCC_WARN_UNINITIALIZED_AUTOS = YES_AGGRESSIVE;
				GCC_WARN_UNUSED_FUNCTION = YES;
				GCC_WARN_UNUSED_VARIABLE = YES;
				MACOSX_DEPLOYMENT_TARGET = 13.3;
				MTL_ENABLE_DEBUG_INFO = NO;
				MTL_FAST_MATH = YES;
				SDKROOT = macosx;
				SWIFT_COMPILATION_MODE = wholemodule;
				SWIFT_OPTIMIZATION_LEVEL = "-O";
			};
			name = Release;
		};
		F63AD1AB2ABAE9F300481497 /* Debug */ = {
			isa = XCBuildConfiguration;
			buildSettings = {
				CODE_SIGN_STYLE = Automatic;
				PRODUCT_NAME = "$(TARGET_NAME)";
				SWIFT_VERSION = 5.0;
			};
			name = Debug;
		};
		F63AD1AC2ABAE9F300481497 /* Release */ = {
			isa = XCBuildConfiguration;
			buildSettings = {
				CODE_SIGN_STYLE = Automatic;
				PRODUCT_NAME = "$(TARGET_NAME)";
				SWIFT_VERSION = 5.0;
			};
			name = Release;
		};
/* End XCBuildConfiguration section */

/* Begin XCConfigurationList section */
		F63AD19E2ABAE9F300481497 /* Build configuration list for PBXProject "Algorithm" */ = {
			isa = XCConfigurationList;
			buildConfigurations = (
				F63AD1A82ABAE9F300481497 /* Debug */,
				F63AD1A92ABAE9F300481497 /* Release */,
			);
			defaultConfigurationIsVisible = 0;
			defaultConfigurationName = Release;
		};
		F63AD1AA2ABAE9F300481497 /* Build configuration list for PBXNativeTarget "Algorithm" */ = {
			isa = XCConfigurationList;
			buildConfigurations = (
				F63AD1AB2ABAE9F300481497 /* Debug */,
				F63AD1AC2ABAE9F300481497 /* Release */,
			);
			defaultConfigurationIsVisible = 0;
			defaultConfigurationName = Release;
		};
/* End XCConfigurationList section */
	};
	rootObject = F63AD19B2ABAE9F300481497 /* Project object */;
}
